// !$*UTF8*$!
{
	archiveVersion = 1;
	classes = {
	};
	objectVersion = 46;
	objects = {

/* Begin PBXBuildFile section */
		F8D3BE341A8BE3E400C9F26C /* AppDelegate.swift in Sources */ = {isa = PBXBuildFile; fileRef = F8D3BE331A8BE3E400C9F26C /* AppDelegate.swift */; };
		F8D3BE361A8BE3E400C9F26C /* MasterViewController.swift in Sources */ = {isa = PBXBuildFile; fileRef = F8D3BE351A8BE3E400C9F26C /* MasterViewController.swift */; };
		F8D3BE381A8BE3E400C9F26C /* DetailViewController.swift in Sources */ = {isa = PBXBuildFile; fileRef = F8D3BE371A8BE3E400C9F26C /* DetailViewController.swift */; };
		F8D3BE3B1A8BE3E400C9F26C /* Main.storyboard in Resources */ = {isa = PBXBuildFile; fileRef = F8D3BE391A8BE3E400C9F26C /* Main.storyboard */; };
		F8D3BE3D1A8BE3E400C9F26C /* Images.xcassets in Resources */ = {isa = PBXBuildFile; fileRef = F8D3BE3C1A8BE3E400C9F26C /* Images.xcassets */; };
		F8D3BE401A8BE3E400C9F26C /* LaunchScreen.xib in Resources */ = {isa = PBXBuildFile; fileRef = F8D3BE3E1A8BE3E400C9F26C /* LaunchScreen.xib */; };
		F8D3BE4C1A8BE3E400C9F26C /* MessageHubClientTests.swift in Sources */ = {isa = PBXBuildFile; fileRef = F8D3BE4B1A8BE3E400C9F26C /* MessageHubClientTests.swift */; };
		F8D3BEBE1A8E83C600C9F26C /* Message.swift in Sources */ = {isa = PBXBuildFile; fileRef = F8D3BEBD1A8E83C600C9F26C /* Message.swift */; };
		F8D3BEC01A8EAF4F00C9F26C /* MessageTableViewCell.swift in Sources */ = {isa = PBXBuildFile; fileRef = F8D3BEBF1A8EAF4F00C9F26C /* MessageTableViewCell.swift */; };
/* End PBXBuildFile section */

/* Begin PBXContainerItemProxy section */
		F8D3BE461A8BE3E400C9F26C /* PBXContainerItemProxy */ = {
			isa = PBXContainerItemProxy;
			containerPortal = F8D3BE261A8BE3E300C9F26C /* Project object */;
			proxyType = 1;
			remoteGlobalIDString = F8D3BE2D1A8BE3E300C9F26C;
			remoteInfo = MessageHubClient;
		};
/* End PBXContainerItemProxy section */

/* Begin PBXFileReference section */
		F8D3BE2E1A8BE3E300C9F26C /* MessageHubClient.app */ = {isa = PBXFileReference; explicitFileType = wrapper.application; includeInIndex = 0; path = MessageHubClient.app; sourceTree = BUILT_PRODUCTS_DIR; };
		F8D3BE321A8BE3E300C9F26C /* Info.plist */ = {isa = PBXFileReference; lastKnownFileType = text.plist.xml; path = Info.plist; sourceTree = "<group>"; };
		F8D3BE331A8BE3E400C9F26C /* AppDelegate.swift */ = {isa = PBXFileReference; lastKnownFileType = sourcecode.swift; path = AppDelegate.swift; sourceTree = "<group>"; };
		F8D3BE351A8BE3E400C9F26C /* MasterViewController.swift */ = {isa = PBXFileReference; lastKnownFileType = sourcecode.swift; path = MasterViewController.swift; sourceTree = "<group>"; };
		F8D3BE371A8BE3E400C9F26C /* DetailViewController.swift */ = {isa = PBXFileReference; lastKnownFileType = sourcecode.swift; path = DetailViewController.swift; sourceTree = "<group>"; };
		F8D3BE3A1A8BE3E400C9F26C /* Base */ = {isa = PBXFileReference; lastKnownFileType = file.storyboard; name = Base; path = Base.lproj/Main.storyboard; sourceTree = "<group>"; };
		F8D3BE3C1A8BE3E400C9F26C /* Images.xcassets */ = {isa = PBXFileReference; lastKnownFileType = folder.assetcatalog; path = Images.xcassets; sourceTree = "<group>"; };
		F8D3BE3F1A8BE3E400C9F26C /* Base */ = {isa = PBXFileReference; lastKnownFileType = file.xib; name = Base; path = Base.lproj/LaunchScreen.xib; sourceTree = "<group>"; };
		F8D3BE451A8BE3E400C9F26C /* MessageHubClientTests.xctest */ = {isa = PBXFileReference; explicitFileType = wrapper.cfbundle; includeInIndex = 0; path = MessageHubClientTests.xctest; sourceTree = BUILT_PRODUCTS_DIR; };
		F8D3BE4A1A8BE3E400C9F26C /* Info.plist */ = {isa = PBXFileReference; lastKnownFileType = text.plist.xml; path = Info.plist; sourceTree = "<group>"; };
		F8D3BE4B1A8BE3E400C9F26C /* MessageHubClientTests.swift */ = {isa = PBXFileReference; lastKnownFileType = sourcecode.swift; path = MessageHubClientTests.swift; sourceTree = "<group>"; };
		F8D3BEBD1A8E83C600C9F26C /* Message.swift */ = {isa = PBXFileReference; fileEncoding = 4; lastKnownFileType = sourcecode.swift; path = Message.swift; sourceTree = "<group>"; };
		F8D3BEBF1A8EAF4F00C9F26C /* MessageTableViewCell.swift */ = {isa = PBXFileReference; fileEncoding = 4; lastKnownFileType = sourcecode.swift; path = MessageTableViewCell.swift; sourceTree = "<group>"; };
/* End PBXFileReference section */

/* Begin PBXFrameworksBuildPhase section */
		F8D3BE2B1A8BE3E300C9F26C /* Frameworks */ = {
			isa = PBXFrameworksBuildPhase;
			buildActionMask = 2147483647;
			files = (
			);
			runOnlyForDeploymentPostprocessing = 0;
		};
		F8D3BE421A8BE3E400C9F26C /* Frameworks */ = {
			isa = PBXFrameworksBuildPhase;
			buildActionMask = 2147483647;
			files = (
			);
			runOnlyForDeploymentPostprocessing = 0;
		};
/* End PBXFrameworksBuildPhase section */

/* Begin PBXGroup section */
		F8D3BE251A8BE3E300C9F26C = {
			isa = PBXGroup;
			children = (
				F8D3BE301A8BE3E300C9F26C /* MessageHubClient */,
				F8D3BE481A8BE3E400C9F26C /* MessageHubClientTests */,
				F8D3BE2F1A8BE3E300C9F26C /* Products */,
			);
			sourceTree = "<group>";
		};
		F8D3BE2F1A8BE3E300C9F26C /* Products */ = {
			isa = PBXGroup;
			children = (
				F8D3BE2E1A8BE3E300C9F26C /* MessageHubClient.app */,
				F8D3BE451A8BE3E400C9F26C /* MessageHubClientTests.xctest */,
			);
			name = Products;
			sourceTree = "<group>";
		};
		F8D3BE301A8BE3E300C9F26C /* MessageHubClient */ = {
			isa = PBXGroup;
			children = (
				F8D3BE331A8BE3E400C9F26C /* AppDelegate.swift */,
				F8D3BE351A8BE3E400C9F26C /* MasterViewController.swift */,
				F8D3BE371A8BE3E400C9F26C /* DetailViewController.swift */,
				F8D3BEBD1A8E83C600C9F26C /* Message.swift */,
				F8D3BE391A8BE3E400C9F26C /* Main.storyboard */,
				F8D3BEBF1A8EAF4F00C9F26C /* MessageTableViewCell.swift */,
				F8D3BE3C1A8BE3E400C9F26C /* Images.xcassets */,
				F8D3BE3E1A8BE3E400C9F26C /* LaunchScreen.xib */,
				F8D3BE311A8BE3E300C9F26C /* Supporting Files */,
			);
			path = MessageHubClient;
			sourceTree = "<group>";
		};
		F8D3BE311A8BE3E300C9F26C /* Supporting Files */ = {
			isa = PBXGroup;
			children = (
				F8D3BE321A8BE3E300C9F26C /* Info.plist */,
			);
			name = "Supporting Files";
			sourceTree = "<group>";
		};
		F8D3BE481A8BE3E400C9F26C /* MessageHubClientTests */ = {
			isa = PBXGroup;
			children = (
				F8D3BE4B1A8BE3E400C9F26C /* MessageHubClientTests.swift */,
				F8D3BE491A8BE3E400C9F26C /* Supporting Files */,
			);
			path = MessageHubClientTests;
			sourceTree = "<group>";
		};
		F8D3BE491A8BE3E400C9F26C /* Supporting Files */ = {
			isa = PBXGroup;
			children = (
				F8D3BE4A1A8BE3E400C9F26C /* Info.plist */,
			);
			name = "Supporting Files";
			sourceTree = "<group>";
		};
/* End PBXGroup section */

/* Begin PBXNativeTarget section */
		F8D3BE2D1A8BE3E300C9F26C /* MessageHubClient */ = {
			isa = PBXNativeTarget;
			buildConfigurationList = F8D3BE4F1A8BE3E400C9F26C /* Build configuration list for PBXNativeTarget "MessageHubClient" */;
			buildPhases = (
				F8D3BE2A1A8BE3E300C9F26C /* Sources */,
				F8D3BE2B1A8BE3E300C9F26C /* Frameworks */,
				F8D3BE2C1A8BE3E300C9F26C /* Resources */,
			);
			buildRules = (
			);
			dependencies = (
			);
			name = MessageHubClient;
			productName = MessageHubClient;
			productReference = F8D3BE2E1A8BE3E300C9F26C /* MessageHubClient.app */;
			productType = "com.apple.product-type.application";
		};
		F8D3BE441A8BE3E400C9F26C /* MessageHubClientTests */ = {
			isa = PBXNativeTarget;
			buildConfigurationList = F8D3BE521A8BE3E400C9F26C /* Build configuration list for PBXNativeTarget "MessageHubClientTests" */;
			buildPhases = (
				F8D3BE411A8BE3E400C9F26C /* Sources */,
				F8D3BE421A8BE3E400C9F26C /* Frameworks */,
				F8D3BE431A8BE3E400C9F26C /* Resources */,
			);
			buildRules = (
			);
			dependencies = (
				F8D3BE471A8BE3E400C9F26C /* PBXTargetDependency */,
			);
			name = MessageHubClientTests;
			productName = MessageHubClientTests;
			productReference = F8D3BE451A8BE3E400C9F26C /* MessageHubClientTests.xctest */;
			productType = "com.apple.product-type.bundle.unit-test";
		};
/* End PBXNativeTarget section */

/* Begin PBXProject section */
		F8D3BE261A8BE3E300C9F26C /* Project object */ = {
			isa = PBXProject;
			attributes = {
				LastUpgradeCheck = 0610;
				ORGANIZATIONNAME = "Donnie Wang";
				TargetAttributes = {
					F8D3BE2D1A8BE3E300C9F26C = {
						CreatedOnToolsVersion = 6.1.1;
					};
					F8D3BE441A8BE3E400C9F26C = {
						CreatedOnToolsVersion = 6.1.1;
						TestTargetID = F8D3BE2D1A8BE3E300C9F26C;
					};
				};
			};
			buildConfigurationList = F8D3BE291A8BE3E300C9F26C /* Build configuration list for PBXProject "MessageHubClient" */;
			compatibilityVersion = "Xcode 3.2";
			developmentRegion = English;
			hasScannedForEncodings = 0;
			knownRegions = (
				en,
				Base,
			);
			mainGroup = F8D3BE251A8BE3E300C9F26C;
			productRefGroup = F8D3BE2F1A8BE3E300C9F26C /* Products */;
			projectDirPath = "";
			projectRoot = "";
			targets = (
				F8D3BE2D1A8BE3E300C9F26C /* MessageHubClient */,
				F8D3BE441A8BE3E400C9F26C /* MessageHubClientTests */,
			);
		};
/* End PBXProject section */

/* Begin PBXResourcesBuildPhase section */
		F8D3BE2C1A8BE3E300C9F26C /* Resources */ = {
			isa = PBXResourcesBuildPhase;
			buildActionMask = 2147483647;
			files = (
				F8D3BE3B1A8BE3E400C9F26C /* Main.storyboard in Resources */,
				F8D3BE401A8BE3E400C9F26C /* LaunchScreen.xib in Resources */,
				F8D3BE3D1A8BE3E400C9F26C /* Images.xcassets in Resources */,
			);
			runOnlyForDeploymentPostprocessing = 0;
		};
		F8D3BE431A8BE3E400C9F26C /* Resources */ = {
			isa = PBXResourcesBuildPhase;
			buildActionMask = 2147483647;
			files = (
			);
			runOnlyForDeploymentPostprocessing = 0;
		};
/* End PBXResourcesBuildPhase section */

/* Begin PBXSourcesBuildPhase section */
		F8D3BE2A1A8BE3E300C9F26C /* Sources */ = {
			isa = PBXSourcesBuildPhase;
			buildActionMask = 2147483647;
			files = (
				F8D3BE381A8BE3E400C9F26C /* DetailViewController.swift in Sources */,
				F8D3BEBE1A8E83C600C9F26C /* Message.swift in Sources */,
				F8D3BE361A8BE3E400C9F26C /* MasterViewController.swift in Sources */,
				F8D3BEC01A8EAF4F00C9F26C /* MessageTableViewCell.swift in Sources */,
				F8D3BE341A8BE3E400C9F26C /* AppDelegate.swift in Sources */,
			);
			runOnlyForDeploymentPostprocessing = 0;
		};
		F8D3BE411A8BE3E400C9F26C /* Sources */ = {
			isa = PBXSourcesBuildPhase;
			buildActionMask = 2147483647;
			files = (
				F8D3BE4C1A8BE3E400C9F26C /* MessageHubClientTests.swift in Sources */,
			);
			runOnlyForDeploymentPostprocessing = 0;
		};
/* End PBXSourcesBuildPhase section */

/* Begin PBXTargetDependency section */
		F8D3BE471A8BE3E400C9F26C /* PBXTargetDependency */ = {
			isa = PBXTargetDependency;
			target = F8D3BE2D1A8BE3E300C9F26C /* MessageHubClient */;
			targetProxy = F8D3BE461A8BE3E400C9F26C /* PBXContainerItemProxy */;
		};
/* End PBXTargetDependency section */

/* Begin PBXVariantGroup section */
		F8D3BE391A8BE3E400C9F26C /* Main.storyboard */ = {
			isa = PBXVariantGroup;
			children = (
				F8D3BE3A1A8BE3E400C9F26C /* Base */,
			);
			name = Main.storyboard;
			sourceTree = "<group>";
		};
		F8D3BE3E1A8BE3E400C9F26C /* LaunchScreen.xib */ = {
			isa = PBXVariantGroup;
			children = (
				F8D3BE3F1A8BE3E400C9F26C /* Base */,
			);
			name = LaunchScreen.xib;
			sourceTree = "<group>";
		};
/* End PBXVariantGroup section */

/* Begin XCBuildConfiguration section */
		F8D3BE4D1A8BE3E400C9F26C /* Debug */ = {
			isa = XCBuildConfiguration;
			buildSettings = {
				ALWAYS_SEARCH_USER_PATHS = NO;
				CLANG_CXX_LANGUAGE_STANDARD = "gnu++0x";
				CLANG_CXX_LIBRARY = "libc++";
				CLANG_ENABLE_MODULES = YES;
				CLANG_ENABLE_OBJC_ARC = YES;
				CLANG_WARN_BOOL_CONVERSION = YES;
				CLANG_WARN_CONSTANT_CONVERSION = YES;
				CLANG_WARN_DIRECT_OBJC_ISA_USAGE = YES_ERROR;
				CLANG_WARN_EMPTY_BODY = YES;
				CLANG_WARN_ENUM_CONVERSION = YES;
				CLANG_WARN_INT_CONVERSION = YES;
				CLANG_WARN_OBJC_ROOT_CLASS = YES_ERROR;
				CLANG_WARN_UNREACHABLE_CODE = YES;
				CLANG_WARN__DUPLICATE_METHOD_MATCH = YES;
				"CODE_SIGN_IDENTITY[sdk=iphoneos*]" = "iPhone Developer";
				COPY_PHASE_STRIP = NO;
				ENABLE_STRICT_OBJC_MSGSEND = YES;
				GCC_C_LANGUAGE_STANDARD = gnu99;
				GCC_DYNAMIC_NO_PIC = NO;
				GCC_OPTIMIZATION_LEVEL = 0;
				GCC_PREPROCESSOR_DEFINITIONS = (
					"DEBUG=1",
					"$(inherited)",
				);
				GCC_SYMBOLS_PRIVATE_EXTERN = NO;
				GCC_WARN_64_TO_32_BIT_CONVERSION = YES;
				GCC_WARN_ABOUT_RETURN_TYPE = YES_ERROR;
				GCC_WARN_UNDECLARED_SELECTOR = YES;
				GCC_WARN_UNINITIALIZED_AUTOS = YES_AGGRESSIVE;
				GCC_WARN_UNUSED_FUNCTION = YES;
				GCC_WARN_UNUSED_VARIABLE = YES;
				IPHONEOS_DEPLOYMENT_TARGET = 8.1;
				MTL_ENABLE_DEBUG_INFO = YES;
				ONLY_ACTIVE_ARCH = YES;
				SDKROOT = iphoneos;
				SWIFT_OPTIMIZATION_LEVEL = "-Onone";
			};
			name = Debug;
		};
		F8D3BE4E1A8BE3E400C9F26C /* Release */ = {
			isa = XCBuildConfiguration;
			buildSettings = {
				ALWAYS_SEARCH_USER_PATHS = NO;
				CLANG_CXX_LANGUAGE_STANDARD = "gnu++0x";
				CLANG_CXX_LIBRARY = "libc++";
				CLANG_ENABLE_MODULES = YES;
				CLANG_ENABLE_OBJC_ARC = YES;
				CLANG_WARN_BOOL_CONVERSION = YES;
				CLANG_WARN_CONSTANT_CONVERSION = YES;
				CLANG_WARN_DIRECT_OBJC_ISA_USAGE = YES_ERROR;
				CLANG_WARN_EMPTY_BODY = YES;
				CLANG_WARN_ENUM_CONVERSION = YES;
				CLANG_WARN_INT_CONVERSION = YES;
				CLANG_WARN_OBJC_ROOT_CLASS = YES_ERROR;
				CLANG_WARN_UNREACHABLE_CODE = YES;
				CLANG_WARN__DUPLICATE_METHOD_MATCH = YES;
				"CODE_SIGN_IDENTITY[sdk=iphoneos*]" = "iPhone Developer";
				COPY_PHASE_STRIP = YES;
				ENABLE_NS_ASSERTIONS = NO;
				ENABLE_STRICT_OBJC_MSGSEND = YES;
				GCC_C_LANGUAGE_STANDARD = gnu99;
				GCC_WARN_64_TO_32_BIT_CONVERSION = YES;
				GCC_WARN_ABOUT_RETURN_TYPE = YES_ERROR;
				GCC_WARN_UNDECLARED_SELECTOR = YES;
				GCC_WARN_UNINITIALIZED_AUTOS = YES_AGGRESSIVE;
				GCC_WARN_UNUSED_FUNCTION = YES;
				GCC_WARN_UNUSED_VARIABLE = YES;
				IPHONEOS_DEPLOYMENT_TARGET = 8.1;
				MTL_ENABLE_DEBUG_INFO = NO;
				SDKROOT = iphoneos;
				VALIDATE_PRODUCT = YES;
			};
			name = Release;
		};
		F8D3BE501A8BE3E400C9F26C /* Debug */ = {
			isa = XCBuildConfiguration;
			buildSettings = {
				ASSETCATALOG_COMPILER_APPICON_NAME = AppIcon;
				INFOPLIST_FILE = MessageHubClient/Info.plist;
				LD_RUNPATH_SEARCH_PATHS = "$(inherited) @executable_path/Frameworks";
				PRODUCT_NAME = "$(TARGET_NAME)";
			};
			name = Debug;
		};
		F8D3BE511A8BE3E400C9F26C /* Release */ = {
			isa = XCBuildConfiguration;
			buildSettings = {
				ASSETCATALOG_COMPILER_APPICON_NAME = AppIcon;
				INFOPLIST_FILE = MessageHubClient/Info.plist;
				LD_RUNPATH_SEARCH_PATHS = "$(inherited) @executable_path/Frameworks";
				PRODUCT_NAME = "$(TARGET_NAME)";
			};
			name = Release;
		};
		F8D3BE531A8BE3E400C9F26C /* Debug */ = {
			isa = XCBuildConfiguration;
			buildSettings = {
				BUNDLE_LOADER = "$(TEST_HOST)";
				FRAMEWORK_SEARCH_PATHS = (
					"$(SDKROOT)/Developer/Library/Frameworks",
					"$(inherited)",
				);
				GCC_PREPROCESSOR_DEFINITIONS = (
					"DEBUG=1",
					"$(inherited)",
				);
				INFOPLIST_FILE = MessageHubClientTests/Info.plist;
				LD_RUNPATH_SEARCH_PATHS = "$(inherited) @executable_path/Frameworks @loader_path/Frameworks";
				PRODUCT_NAME = "$(TARGET_NAME)";
				TEST_HOST = "$(BUILT_PRODUCTS_DIR)/MessageHubClient.app/MessageHubClient";
			};
			name = Debug;
		};
		F8D3BE541A8BE3E400C9F26C /* Release */ = {
			isa = XCBuildConfiguration;
			buildSettings = {
				BUNDLE_LOADER = "$(TEST_HOST)";
				FRAMEWORK_SEARCH_PATHS = (
					"$(SDKROOT)/Developer/Library/Frameworks",
					"$(inherited)",
				);
				INFOPLIST_FILE = MessageHubClientTests/Info.plist;
				LD_RUNPATH_SEARCH_PATHS = "$(inherited) @executable_path/Frameworks @loader_path/Frameworks";
				PRODUCT_NAME = "$(TARGET_NAME)";
				TEST_HOST = "$(BUILT_PRODUCTS_DIR)/MessageHubClient.app/MessageHubClient";
			};
			name = Release;
		};
/* End XCBuildConfiguration section */

/* Begin XCConfigurationList section */
		F8D3BE291A8BE3E300C9F26C /* Build configuration list for PBXProject "MessageHubClient" */ = {
			isa = XCConfigurationList;
			buildConfigurations = (
				F8D3BE4D1A8BE3E400C9F26C /* Debug */,
				F8D3BE4E1A8BE3E400C9F26C /* Release */,
			);
			defaultConfigurationIsVisible = 0;
			defaultConfigurationName = Release;
		};
		F8D3BE4F1A8BE3E400C9F26C /* Build configuration list for PBXNativeTarget "MessageHubClient" */ = {
			isa = XCConfigurationList;
			buildConfigurations = (
				F8D3BE501A8BE3E400C9F26C /* Debug */,
				F8D3BE511A8BE3E400C9F26C /* Release */,
			);
			defaultConfigurationIsVisible = 0;
			defaultConfigurationName = Release;
		};
		F8D3BE521A8BE3E400C9F26C /* Build configuration list for PBXNativeTarget "MessageHubClientTests" */ = {
			isa = XCConfigurationList;
			buildConfigurations = (
				F8D3BE531A8BE3E400C9F26C /* Debug */,
				F8D3BE541A8BE3E400C9F26C /* Release */,
			);
			defaultConfigurationIsVisible = 0;
			defaultConfigurationName = Release;
		};
/* End XCConfigurationList section */
	};
	rootObject = F8D3BE261A8BE3E300C9F26C /* Project object */;
}
